
Microsoft Visual Studio Solution File, Format Version 12.00
# Visual Studio 15
VisualStudioVersion = 15.0.28307.421
MinimumVisualStudioVersion = 10.0.40219.1
Project("{FAE04EC0-301F-11D3-BF4B-00C04F79EFBC}") = "ScalableMLModelWebAPI", "ScalableMLModelWebAPI\ScalableMLModelWebAPI.csproj", "{2D693AEC-3EDB-4FF3-96EB-C8F54E8C738B}"
EndProject
Global
	GlobalSection(SolutionConfigurationPlatforms) = preSolution
		Debug|Any CPU = Debug|Any CPU
		Release|Any CPU = Release|Any CPU
	EndGlobalSection
	GlobalSection(ProjectConfigurationPlatforms) = postSolution
		{2D693AEC-3EDB-4FF3-96EB-C8F54E8C738B}.Debug|Any CPU.ActiveCfg = Debug|Any CPU
		{2D693AEC-3EDB-4FF3-96EB-C8F54E8C738B}.Debug|Any CPU.Build.0 = Debug|Any CPU
		{2D693AEC-3EDB-4FF3-96EB-C8F54E8C738B}.Release|Any CPU.ActiveCfg = Release|Any CPU
		{2D693AEC-3EDB-4FF3-96EB-C8F54E8C738B}.Release|Any CPU.Build.0 = Release|Any CPU
	EndGlobalSection
	GlobalSection(SolutionProperties) = preSolution
		HideSolutionNode = FALSE
	EndGlobalSection
	GlobalSection(ExtensibilityGlobals) = postSolution
		SolutionGuid = {7E75EF81-F1AD-491B-9DE4-AFFCEFEC3ACE}
	EndGlobalSection
EndGlobal
